
Microsoft Visual Studio Solution File, Format Version 12.00
# Visual Studio Version 16
VisualStudioVersion = 16.0.30717.126
MinimumVisualStudioVersion = 10.0.40219.1
Project("{FAE04EC0-301F-11D3-BF4B-00C04F79EFBC}") = "AssetsGenerator", "AssetsGenerator\AssetsGenerator.csproj", "{D6AA2DBB-25AA-427A-9809-96DB2E11AED7}"
EndProject
Global
	GlobalSection(SolutionConfigurationPlatforms) = preSolution
		Debug|Any CPU = Debug|Any CPU
		Release|Any CPU = Release|Any CPU
	EndGlobalSection
	GlobalSection(ProjectConfigurationPlatforms) = postSolution
		{D6AA2DBB-25AA-427A-9809-96DB2E11AED7}.Debug|Any CPU.ActiveCfg = Debug|Any CPU
		{D6AA2DBB-25AA-427A-9809-96DB2E11AED7}.Debug|Any CPU.Build.0 = Debug|Any CPU
		{D6AA2DBB-25AA-427A-9809-96DB2E11AED7}.Release|Any CPU.ActiveCfg = Release|Any CPU
		{D6AA2DBB-25AA-427A-9809-96DB2E11AED7}.Release|Any CPU.Build.0 = Release|Any CPU
	EndGlobalSection
	GlobalSection(SolutionProperties) = preSolution
		HideSolutionNode = FALSE
	EndGlobalSection
	GlobalSection(ExtensibilityGlobals) = postSolution
		SolutionGuid = {9D8B0599-C83C-4672-9B49-37F1168E0F7C}
	EndGlobalSection
EndGlobal
